
Microsoft Visual Studio Solution File, Format Version 12.00
# Visual Studio Version 17
VisualStudioVersion = 17.9.34728.123
MinimumVisualStudioVersion = 10.0.40219.1
Project("{8BC9CEB8-8B4A-11D0-8D11-00A0C91BC942}") = "Ticket", "Ticket\Ticket.vcxproj", "{DFBC4D95-2BCA-4E1D-A05B-8486B9F37A38}"
EndProject
Global
	GlobalSection(SolutionConfigurationPlatforms) = preSolution
		Debug|x64 = Debug|x64
		Debug|x86 = Debug|x86
		Release|x64 = Release|x64
		Release|x86 = Release|x86
	EndGlobalSection
	GlobalSection(ProjectConfigurationPlatforms) = postSolution
		{DFBC4D95-2BCA-4E1D-A05B-8486B9F37A38}.Debug|x64.ActiveCfg = Debug|x64
		{DFBC4D95-2BCA-4E1D-A05B-8486B9F37A38}.Debug|x64.Build.0 = Debug|x64
		{DFBC4D95-2BCA-4E1D-A05B-8486B9F37A38}.Debug|x86.ActiveCfg = Debug|Win32
		{DFBC4D95-2BCA-4E1D-A05B-8486B9F37A38}.Debug|x86.Build.0 = Debug|Win32
		{DFBC4D95-2BCA-4E1D-A05B-8486B9F37A38}.Release|x64.ActiveCfg = Release|x64
		{DFBC4D95-2BCA-4E1D-A05B-8486B9F37A38}.Release|x64.Build.0 = Release|x64
		{DFBC4D95-2BCA-4E1D-A05B-8486B9F37A38}.Release|x86.ActiveCfg = Release|Win32
		{DFBC4D95-2BCA-4E1D-A05B-8486B9F37A38}.Release|x86.Build.0 = Release|Win32
	EndGlobalSection
	GlobalSection(SolutionProperties) = preSolution
		HideSolutionNode = FALSE
	EndGlobalSection
	GlobalSection(ExtensibilityGlobals) = postSolution
		SolutionGuid = {3D107654-639B-4A1B-A6AF-973EE5FC91AF}
	EndGlobalSection
EndGlobal
